
Microsoft Visual Studio Solution File, Format Version 12.00
# Visual Studio 15
VisualStudioVersion = 15.0.28010.2041
MinimumVisualStudioVersion = 10.0.40219.1
Project("{9A19103F-16F7-4668-BE54-9A1E7A4F7556}") = "AssignmentWeb.API", "AssignmentWebAPI\AssignmentWeb.API.csproj", "{F80DE325-5815-4D7A-B614-67515F3105C1}"
EndProject
Project("{9A19103F-16F7-4668-BE54-9A1E7A4F7556}") = "AssignmentWeb.Domain", "AssignmentWeb.Domain\AssignmentWeb.Domain.csproj", "{323F4E29-AE62-4587-BCA9-46E6CCA386F9}"
EndProject
Project("{9A19103F-16F7-4668-BE54-9A1E7A4F7556}") = "AssignmentWeb.Repository", "AssignmentWeb.Repository\AssignmentWeb.Repository.csproj", "{CCACF442-83E0-4FD2-BC68-0058C1362783}"
EndProject
Global
	GlobalSection(SolutionConfigurationPlatforms) = preSolution
		Debug|Any CPU = Debug|Any CPU
		Release|Any CPU = Release|Any CPU
	EndGlobalSection
	GlobalSection(ProjectConfigurationPlatforms) = postSolution
		{F80DE325-5815-4D7A-B614-67515F3105C1}.Debug|Any CPU.ActiveCfg = Debug|Any CPU
		{F80DE325-5815-4D7A-B614-67515F3105C1}.Debug|Any CPU.Build.0 = Debug|Any CPU
		{F80DE325-5815-4D7A-B614-67515F3105C1}.Release|Any CPU.ActiveCfg = Release|Any CPU
		{F80DE325-5815-4D7A-B614-67515F3105C1}.Release|Any CPU.Build.0 = Release|Any CPU
		{323F4E29-AE62-4587-BCA9-46E6CCA386F9}.Debug|Any CPU.ActiveCfg = Debug|Any CPU
		{323F4E29-AE62-4587-BCA9-46E6CCA386F9}.Debug|Any CPU.Build.0 = Debug|Any CPU
		{323F4E29-AE62-4587-BCA9-46E6CCA386F9}.Release|Any CPU.ActiveCfg = Release|Any CPU
		{323F4E29-AE62-4587-BCA9-46E6CCA386F9}.Release|Any CPU.Build.0 = Release|Any CPU
		{CCACF442-83E0-4FD2-BC68-0058C1362783}.Debug|Any CPU.ActiveCfg = Debug|Any CPU
		{CCACF442-83E0-4FD2-BC68-0058C1362783}.Debug|Any CPU.Build.0 = Debug|Any CPU
		{CCACF442-83E0-4FD2-BC68-0058C1362783}.Release|Any CPU.ActiveCfg = Release|Any CPU
		{CCACF442-83E0-4FD2-BC68-0058C1362783}.Release|Any CPU.Build.0 = Release|Any CPU
	EndGlobalSection
	GlobalSection(SolutionProperties) = preSolution
		HideSolutionNode = FALSE
	EndGlobalSection
	GlobalSection(ExtensibilityGlobals) = postSolution
		SolutionGuid = {F3A4F5A6-6857-460E-AD1E-D42080B94218}
	EndGlobalSection
EndGlobal
